{
  "name": "umbra-example",
  "version": "0.0.1",
  "lockfileVersion": 1,
  "requires": true,
  "dependencies": {
    "@types/mocha": {
      "version": "7.0.2",
      "resolved": "https://registry.npmjs.org/@types/mocha/-/mocha-7.0.2.tgz",
      "integrity": "sha512-ZvO2tAcjmMi8V/5Z3JsyofMe3hasRcaw88cto5etSVMwVQfeivGAlEYmaQgceUSVYFofVjT+ioHsATjdWcFt1w==",
      "dev": true
    },
    "argparse": {
      "version": "1.0.10",
      "resolved": "https://registry.npmjs.org/argparse/-/argparse-1.0.10.tgz",
      "integrity": "sha512-o5Roy6tNG4SL/FOkCAN6RzjiakZS25RLYFrcMttJqbdd8BWrnA+fGz57iN5Pb06pvBGvl5gQ0B48dJlslXvoTg==",
      "dev": true,
      "requires": {
        "sprintf-js": "~1.0.2"
      }
    },
    "sprintf-js": {
      "version": "1.0.3",
      "resolved": "https://registry.npmjs.org/sprintf-js/-/sprintf-js-1.0.3.tgz",
      "integrity": "sha1-BOaSb2YolTVPPdAVIDYzuFcpfiw=",
      "dev": true
    },
    "umbra-test": {
      "version": "0.0.1",
      "resolved": "https://registry.npmjs.org/umbra-test/-/umbra-test-0.0.1.tgz",
      "integrity": "sha512-UjxMerX0/UC0qTRvDfGAqzbDpPjsQtk+/DsfEQyppWWQn+gvQsMU6wzqmZ7PAnsi20uZJvqrkryzpvbRpFSphQ==",
      "dev": true
    }
  }
}
